
Microsoft Visual Studio Solution File, Format Version 12.00
# Visual Studio Version 17
VisualStudioVersion = 17.8.34322.80
MinimumVisualStudioVersion = 10.0.40219.1
Project("{FAE04EC0-301F-11D3-BF4B-00C04F79EFBC}") = "Putarhasovellus2", "Putarhasovellus2\Putarhasovellus2.csproj", "{6C62D5CF-2F0A-4642-BE7D-3EA6DAD35B59}"
EndProject
Global
	GlobalSection(SolutionConfigurationPlatforms) = preSolution
		Debug|Any CPU = Debug|Any CPU
		Release|Any CPU = Release|Any CPU
	EndGlobalSection
	GlobalSection(ProjectConfigurationPlatforms) = postSolution
		{6C62D5CF-2F0A-4642-BE7D-3EA6DAD35B59}.Debug|Any CPU.ActiveCfg = Debug|Any CPU
		{6C62D5CF-2F0A-4642-BE7D-3EA6DAD35B59}.Debug|Any CPU.Build.0 = Debug|Any CPU
		{6C62D5CF-2F0A-4642-BE7D-3EA6DAD35B59}.Release|Any CPU.ActiveCfg = Release|Any CPU
		{6C62D5CF-2F0A-4642-BE7D-3EA6DAD35B59}.Release|Any CPU.Build.0 = Release|Any CPU
	EndGlobalSection
	GlobalSection(SolutionProperties) = preSolution
		HideSolutionNode = FALSE
	EndGlobalSection
	GlobalSection(ExtensibilityGlobals) = postSolution
		SolutionGuid = {A9A1E088-BF5D-42E3-84B6-977FE452629E}
	EndGlobalSection
EndGlobal
